{
  "requires": true,
  "lockfileVersion": 1,
  "dependencies": {
    "i18n-js": {
      "version": "3.7.1",
      "resolved": "https://registry.npmjs.org/i18n-js/-/i18n-js-3.7.1.tgz",
      "integrity": "sha512-xrRzCeda5ZC0u0yRN+dMdidtda0N+f7t7Pek0ajWb+iyKqSGdrMmuBtbNpWJWY5N4Th0cxbp/BR57zSPdrM3Rw=="
    }
  }
}
